
Microsoft Visual Studio Solution File, Format Version 12.00
# Visual Studio Version 17
VisualStudioVersion = 17.8.34525.116
MinimumVisualStudioVersion = 10.0.40219.1
Project("{9A19103F-16F7-4668-BE54-9A1E7A4F7556}") = "R24_JesusCG_V1", "R24_JesusCG_V1\R24_JesusCG_V1.csproj", "{056B4CF0-44F9-4420-9569-CC077BB826E6}"
EndProject
Project("{FAE04EC0-301F-11D3-BF4B-00C04F79EFBC}") = "PruebasBibliotecaClases", "PruebasBibliotecaClases\PruebasBibliotecaClases.csproj", "{15A850C9-8569-4830-945B-3F3A1413E256}"
EndProject
Global
	GlobalSection(SolutionConfigurationPlatforms) = preSolution
		Debug|Any CPU = Debug|Any CPU
		Release|Any CPU = Release|Any CPU
	EndGlobalSection
	GlobalSection(ProjectConfigurationPlatforms) = postSolution
		{056B4CF0-44F9-4420-9569-CC077BB826E6}.Debug|Any CPU.ActiveCfg = Debug|Any CPU
		{056B4CF0-44F9-4420-9569-CC077BB826E6}.Debug|Any CPU.Build.0 = Debug|Any CPU
		{056B4CF0-44F9-4420-9569-CC077BB826E6}.Release|Any CPU.ActiveCfg = Release|Any CPU
		{056B4CF0-44F9-4420-9569-CC077BB826E6}.Release|Any CPU.Build.0 = Release|Any CPU
		{15A850C9-8569-4830-945B-3F3A1413E256}.Debug|Any CPU.ActiveCfg = Debug|Any CPU
		{15A850C9-8569-4830-945B-3F3A1413E256}.Debug|Any CPU.Build.0 = Debug|Any CPU
		{15A850C9-8569-4830-945B-3F3A1413E256}.Release|Any CPU.ActiveCfg = Release|Any CPU
		{15A850C9-8569-4830-945B-3F3A1413E256}.Release|Any CPU.Build.0 = Release|Any CPU
	EndGlobalSection
	GlobalSection(SolutionProperties) = preSolution
		HideSolutionNode = FALSE
	EndGlobalSection
	GlobalSection(ExtensibilityGlobals) = postSolution
		SolutionGuid = {DE0122F5-7E8F-4A0C-A168-1C20448CD1FE}
	EndGlobalSection
EndGlobal
